
Microsoft Visual Studio Solution File, Format Version 12.00
Project("{FAE04EC0-301F-11D3-BF4B-00C04F79EFBC}") = "core.web", "core.web\core.web.csproj", "{3E6674FB-22D2-4154-B230-6BB564DCA6E0}"
EndProject
Global
	GlobalSection(SolutionConfigurationPlatforms) = preSolution
		Debug|Any CPU = Debug|Any CPU
		Release|Any CPU = Release|Any CPU
	EndGlobalSection
	GlobalSection(ProjectConfigurationPlatforms) = postSolution
		{3E6674FB-22D2-4154-B230-6BB564DCA6E0}.Debug|Any CPU.ActiveCfg = Debug|Any CPU
		{3E6674FB-22D2-4154-B230-6BB564DCA6E0}.Debug|Any CPU.Build.0 = Debug|Any CPU
		{3E6674FB-22D2-4154-B230-6BB564DCA6E0}.Release|Any CPU.ActiveCfg = Release|Any CPU
		{3E6674FB-22D2-4154-B230-6BB564DCA6E0}.Release|Any CPU.Build.0 = Release|Any CPU
	EndGlobalSection
EndGlobal
